
Microsoft Visual Studio Solution File, Format Version 12.00
# Visual Studio 15
VisualStudioVersion = 15.0.26430.6
MinimumVisualStudioVersion = 10.0.40219.1
Project("{8BB2217D-0F2D-49D1-97BC-3654ED321F3B}") = "DayPrinter", "DayPrinter\DayPrinter.xproj", "{B3E76AAA-3BE8-49C7-A831-64EF68C6F28D}"
EndProject
Project("{8BB2217D-0F2D-49D1-97BC-3654ED321F3B}") = "ElseIf", "ElseIf\ElseIf.xproj", "{C7008ACC-EE4B-49CC-B7FB-5F9F95E257A9}"
EndProject
Project("{8BB2217D-0F2D-49D1-97BC-3654ED321F3B}") = "TempConv", "TempConv\TempConv.xproj", "{6D18F93D-E26F-4FF4-ABF2-1450FD9FB19D}"
EndProject
Project("{8BB2217D-0F2D-49D1-97BC-3654ED321F3B}") = "HelloMethods", "HelloMethods\HelloMethods.xproj", "{9B69E0D2-FBD5-4FB4-9D40-768AE4F57300}"
EndProject
Project("{8BB2217D-0F2D-49D1-97BC-3654ED321F3B}") = "Gradebook", "Gradebook\Gradebook.xproj", "{9E08496B-2501-4CBF-844F-8FD7BA97F4E6}"
EndProject
Project("{8BB2217D-0F2D-49D1-97BC-3654ED321F3B}") = "GradebookDict", "GradebookDict\GradebookDict.xproj", "{EFCB1B91-2E92-478F-BFF7-013FF6911DCC}"
EndProject
Project("{8BB2217D-0F2D-49D1-97BC-3654ED321F3B}") = "GradebookArray", "GradebookArray\GradebookArray.xproj", "{89051A0E-8D18-48C3-B4E6-D05F62D252CE}"
EndProject
Project("{FAE04EC0-301F-11D3-BF4B-00C04F79EFBC}") = "EvenAdd", "EvenAdd\EvenAdd.csproj", "{559A8570-ADEE-4E5F-9572-B2F4E10DF5BE}"
EndProject
Project("{FAE04EC0-301F-11D3-BF4B-00C04F79EFBC}") = "ListStrings", "ListStrings\ListStrings.csproj", "{930AB927-B46E-4406-9515-A6623759E212}"
EndProject
Project("{FAE04EC0-301F-11D3-BF4B-00C04F79EFBC}") = "LoopArray", "LoopArray\LoopArray.csproj", "{E54EDB85-A53C-4CB5-9796-FA9AB50A1D55}"
EndProject
Project("{FAE04EC0-301F-11D3-BF4B-00C04F79EFBC}") = "GradebookDict2", "GradebookDict2\GradebookDict2.csproj", "{C030C721-824C-41E3-8D69-7C20D48C9FEB}"
EndProject
Project("{FAE04EC0-301F-11D3-BF4B-00C04F79EFBC}") = "GradebookStringbuilder", "GradebookStringbuilder\GradebookStringbuilder.csproj", "{6B76BA88-E296-4647-9B8C-8E7B0060C957}"
EndProject
Project("{FAE04EC0-301F-11D3-BF4B-00C04F79EFBC}") = "Student", "Student\Student.csproj", "{0622DCAF-E69B-47E4-A3E2-D30F2B396817}"
EndProject
Project("{FAE04EC0-301F-11D3-BF4B-00C04F79EFBC}") = "Restaurant", "RestaurantMenu\Restaurant.csproj", "{D1E2D11E-E96B-4467-A5A9-BC6F2975D063}"
EndProject
Global
	GlobalSection(SolutionConfigurationPlatforms) = preSolution
		Debug|Any CPU = Debug|Any CPU
		Release|Any CPU = Release|Any CPU
	EndGlobalSection
	GlobalSection(ProjectConfigurationPlatforms) = postSolution
		{B3E76AAA-3BE8-49C7-A831-64EF68C6F28D}.Debug|Any CPU.ActiveCfg = Debug|Any CPU
		{B3E76AAA-3BE8-49C7-A831-64EF68C6F28D}.Debug|Any CPU.Build.0 = Debug|Any CPU
		{B3E76AAA-3BE8-49C7-A831-64EF68C6F28D}.Release|Any CPU.ActiveCfg = Release|Any CPU
		{B3E76AAA-3BE8-49C7-A831-64EF68C6F28D}.Release|Any CPU.Build.0 = Release|Any CPU
		{C7008ACC-EE4B-49CC-B7FB-5F9F95E257A9}.Debug|Any CPU.ActiveCfg = Debug|Any CPU
		{C7008ACC-EE4B-49CC-B7FB-5F9F95E257A9}.Debug|Any CPU.Build.0 = Debug|Any CPU
		{C7008ACC-EE4B-49CC-B7FB-5F9F95E257A9}.Release|Any CPU.ActiveCfg = Release|Any CPU
		{C7008ACC-EE4B-49CC-B7FB-5F9F95E257A9}.Release|Any CPU.Build.0 = Release|Any CPU
		{6D18F93D-E26F-4FF4-ABF2-1450FD9FB19D}.Debug|Any CPU.ActiveCfg = Debug|Any CPU
		{6D18F93D-E26F-4FF4-ABF2-1450FD9FB19D}.Debug|Any CPU.Build.0 = Debug|Any CPU
		{6D18F93D-E26F-4FF4-ABF2-1450FD9FB19D}.Release|Any CPU.ActiveCfg = Release|Any CPU
		{6D18F93D-E26F-4FF4-ABF2-1450FD9FB19D}.Release|Any CPU.Build.0 = Release|Any CPU
		{9B69E0D2-FBD5-4FB4-9D40-768AE4F57300}.Debug|Any CPU.ActiveCfg = Debug|Any CPU
		{9B69E0D2-FBD5-4FB4-9D40-768AE4F57300}.Debug|Any CPU.Build.0 = Debug|Any CPU
		{9B69E0D2-FBD5-4FB4-9D40-768AE4F57300}.Release|Any CPU.ActiveCfg = Release|Any CPU
		{9B69E0D2-FBD5-4FB4-9D40-768AE4F57300}.Release|Any CPU.Build.0 = Release|Any CPU
		{9E08496B-2501-4CBF-844F-8FD7BA97F4E6}.Debug|Any CPU.ActiveCfg = Debug|Any CPU
		{9E08496B-2501-4CBF-844F-8FD7BA97F4E6}.Debug|Any CPU.Build.0 = Debug|Any CPU
		{9E08496B-2501-4CBF-844F-8FD7BA97F4E6}.Release|Any CPU.ActiveCfg = Release|Any CPU
		{9E08496B-2501-4CBF-844F-8FD7BA97F4E6}.Release|Any CPU.Build.0 = Release|Any CPU
		{EFCB1B91-2E92-478F-BFF7-013FF6911DCC}.Debug|Any CPU.ActiveCfg = Debug|Any CPU
		{EFCB1B91-2E92-478F-BFF7-013FF6911DCC}.Debug|Any CPU.Build.0 = Debug|Any CPU
		{EFCB1B91-2E92-478F-BFF7-013FF6911DCC}.Release|Any CPU.ActiveCfg = Release|Any CPU
		{EFCB1B91-2E92-478F-BFF7-013FF6911DCC}.Release|Any CPU.Build.0 = Release|Any CPU
		{89051A0E-8D18-48C3-B4E6-D05F62D252CE}.Debug|Any CPU.ActiveCfg = Debug|Any CPU
		{89051A0E-8D18-48C3-B4E6-D05F62D252CE}.Debug|Any CPU.Build.0 = Debug|Any CPU
		{89051A0E-8D18-48C3-B4E6-D05F62D252CE}.Release|Any CPU.ActiveCfg = Release|Any CPU
		{89051A0E-8D18-48C3-B4E6-D05F62D252CE}.Release|Any CPU.Build.0 = Release|Any CPU
		{559A8570-ADEE-4E5F-9572-B2F4E10DF5BE}.Debug|Any CPU.ActiveCfg = Debug|Any CPU
		{559A8570-ADEE-4E5F-9572-B2F4E10DF5BE}.Debug|Any CPU.Build.0 = Debug|Any CPU
		{559A8570-ADEE-4E5F-9572-B2F4E10DF5BE}.Release|Any CPU.ActiveCfg = Release|Any CPU
		{559A8570-ADEE-4E5F-9572-B2F4E10DF5BE}.Release|Any CPU.Build.0 = Release|Any CPU
		{930AB927-B46E-4406-9515-A6623759E212}.Debug|Any CPU.ActiveCfg = Debug|Any CPU
		{930AB927-B46E-4406-9515-A6623759E212}.Debug|Any CPU.Build.0 = Debug|Any CPU
		{930AB927-B46E-4406-9515-A6623759E212}.Release|Any CPU.ActiveCfg = Release|Any CPU
		{930AB927-B46E-4406-9515-A6623759E212}.Release|Any CPU.Build.0 = Release|Any CPU
		{E54EDB85-A53C-4CB5-9796-FA9AB50A1D55}.Debug|Any CPU.ActiveCfg = Debug|Any CPU
		{E54EDB85-A53C-4CB5-9796-FA9AB50A1D55}.Debug|Any CPU.Build.0 = Debug|Any CPU
		{E54EDB85-A53C-4CB5-9796-FA9AB50A1D55}.Release|Any CPU.ActiveCfg = Release|Any CPU
		{E54EDB85-A53C-4CB5-9796-FA9AB50A1D55}.Release|Any CPU.Build.0 = Release|Any CPU
		{C030C721-824C-41E3-8D69-7C20D48C9FEB}.Debug|Any CPU.ActiveCfg = Debug|Any CPU
		{C030C721-824C-41E3-8D69-7C20D48C9FEB}.Debug|Any CPU.Build.0 = Debug|Any CPU
		{C030C721-824C-41E3-8D69-7C20D48C9FEB}.Release|Any CPU.ActiveCfg = Release|Any CPU
		{C030C721-824C-41E3-8D69-7C20D48C9FEB}.Release|Any CPU.Build.0 = Release|Any CPU
		{6B76BA88-E296-4647-9B8C-8E7B0060C957}.Debug|Any CPU.ActiveCfg = Debug|Any CPU
		{6B76BA88-E296-4647-9B8C-8E7B0060C957}.Debug|Any CPU.Build.0 = Debug|Any CPU
		{6B76BA88-E296-4647-9B8C-8E7B0060C957}.Release|Any CPU.ActiveCfg = Release|Any CPU
		{6B76BA88-E296-4647-9B8C-8E7B0060C957}.Release|Any CPU.Build.0 = Release|Any CPU
		{0622DCAF-E69B-47E4-A3E2-D30F2B396817}.Debug|Any CPU.ActiveCfg = Debug|Any CPU
		{0622DCAF-E69B-47E4-A3E2-D30F2B396817}.Debug|Any CPU.Build.0 = Debug|Any CPU
		{0622DCAF-E69B-47E4-A3E2-D30F2B396817}.Release|Any CPU.ActiveCfg = Release|Any CPU
		{0622DCAF-E69B-47E4-A3E2-D30F2B396817}.Release|Any CPU.Build.0 = Release|Any CPU
		{D1E2D11E-E96B-4467-A5A9-BC6F2975D063}.Debug|Any CPU.ActiveCfg = Debug|Any CPU
		{D1E2D11E-E96B-4467-A5A9-BC6F2975D063}.Debug|Any CPU.Build.0 = Debug|Any CPU
		{D1E2D11E-E96B-4467-A5A9-BC6F2975D063}.Release|Any CPU.ActiveCfg = Release|Any CPU
		{D1E2D11E-E96B-4467-A5A9-BC6F2975D063}.Release|Any CPU.Build.0 = Release|Any CPU
	EndGlobalSection
	GlobalSection(SolutionProperties) = preSolution
		HideSolutionNode = FALSE
	EndGlobalSection
EndGlobal
